
Microsoft Visual Studio Solution File, Format Version 12.00
# TcXaeShell Solution File, Format Version 11.00
VisualStudioVersion = 15.0.33403.129
MinimumVisualStudioVersion = 10.0.40219.1
Project("{B1E792BE-AA5F-4E3C-8C82-674BF9C0715B}") = "UlyssesToolBox", "UlyssesToolBox\UlyssesToolBox.tsproj", "{C02A25F5-3E46-43F9-B003-69C8E2D5488D}"
EndProject
Global
	GlobalSection(SolutionConfigurationPlatforms) = preSolution
		Debug|TwinCAT CE7 (ARMV7) = Debug|TwinCAT CE7 (ARMV7)
		Debug|TwinCAT OS (ARMT2) = Debug|TwinCAT OS (ARMT2)
		Debug|TwinCAT RT (x64) = Debug|TwinCAT RT (x64)
		Debug|TwinCAT RT (x86) = Debug|TwinCAT RT (x86)
		Release|TwinCAT CE7 (ARMV7) = Release|TwinCAT CE7 (ARMV7)
		Release|TwinCAT OS (ARMT2) = Release|TwinCAT OS (ARMT2)
		Release|TwinCAT RT (x64) = Release|TwinCAT RT (x64)
		Release|TwinCAT RT (x86) = Release|TwinCAT RT (x86)
	EndGlobalSection
	GlobalSection(ProjectConfigurationPlatforms) = postSolution
		{C02A25F5-3E46-43F9-B003-69C8E2D5488D}.Debug|TwinCAT CE7 (ARMV7).ActiveCfg = Debug|TwinCAT CE7 (ARMV7)
		{C02A25F5-3E46-43F9-B003-69C8E2D5488D}.Debug|TwinCAT CE7 (ARMV7).Build.0 = Debug|TwinCAT CE7 (ARMV7)
		{C02A25F5-3E46-43F9-B003-69C8E2D5488D}.Debug|TwinCAT OS (ARMT2).ActiveCfg = Debug|TwinCAT OS (ARMT2)
		{C02A25F5-3E46-43F9-B003-69C8E2D5488D}.Debug|TwinCAT OS (ARMT2).Build.0 = Debug|TwinCAT OS (ARMT2)
		{C02A25F5-3E46-43F9-B003-69C8E2D5488D}.Debug|TwinCAT RT (x64).ActiveCfg = Debug|TwinCAT RT (x64)
		{C02A25F5-3E46-43F9-B003-69C8E2D5488D}.Debug|TwinCAT RT (x64).Build.0 = Debug|TwinCAT RT (x64)
		{C02A25F5-3E46-43F9-B003-69C8E2D5488D}.Debug|TwinCAT RT (x86).ActiveCfg = Debug|TwinCAT RT (x86)
		{C02A25F5-3E46-43F9-B003-69C8E2D5488D}.Debug|TwinCAT RT (x86).Build.0 = Debug|TwinCAT RT (x86)
		{C02A25F5-3E46-43F9-B003-69C8E2D5488D}.Release|TwinCAT CE7 (ARMV7).ActiveCfg = Release|TwinCAT CE7 (ARMV7)
		{C02A25F5-3E46-43F9-B003-69C8E2D5488D}.Release|TwinCAT CE7 (ARMV7).Build.0 = Release|TwinCAT CE7 (ARMV7)
		{C02A25F5-3E46-43F9-B003-69C8E2D5488D}.Release|TwinCAT OS (ARMT2).ActiveCfg = Release|TwinCAT OS (ARMT2)
		{C02A25F5-3E46-43F9-B003-69C8E2D5488D}.Release|TwinCAT OS (ARMT2).Build.0 = Release|TwinCAT OS (ARMT2)
		{C02A25F5-3E46-43F9-B003-69C8E2D5488D}.Release|TwinCAT RT (x64).ActiveCfg = Release|TwinCAT RT (x64)
		{C02A25F5-3E46-43F9-B003-69C8E2D5488D}.Release|TwinCAT RT (x64).Build.0 = Release|TwinCAT RT (x64)
		{C02A25F5-3E46-43F9-B003-69C8E2D5488D}.Release|TwinCAT RT (x86).ActiveCfg = Release|TwinCAT RT (x86)
		{C02A25F5-3E46-43F9-B003-69C8E2D5488D}.Release|TwinCAT RT (x86).Build.0 = Release|TwinCAT RT (x86)
		{8384A582-947B-49D8-B6D2-45FF5F854026}.Debug|TwinCAT CE7 (ARMV7).ActiveCfg = Debug|TwinCAT CE7 (ARMV7)
		{8384A582-947B-49D8-B6D2-45FF5F854026}.Debug|TwinCAT CE7 (ARMV7).Build.0 = Debug|TwinCAT CE7 (ARMV7)
		{8384A582-947B-49D8-B6D2-45FF5F854026}.Debug|TwinCAT OS (ARMT2).ActiveCfg = Debug|TwinCAT OS (ARMT2)
		{8384A582-947B-49D8-B6D2-45FF5F854026}.Debug|TwinCAT OS (ARMT2).Build.0 = Debug|TwinCAT OS (ARMT2)
		{8384A582-947B-49D8-B6D2-45FF5F854026}.Debug|TwinCAT RT (x64).ActiveCfg = Debug|TwinCAT RT (x64)
		{8384A582-947B-49D8-B6D2-45FF5F854026}.Debug|TwinCAT RT (x64).Build.0 = Debug|TwinCAT RT (x64)
		{8384A582-947B-49D8-B6D2-45FF5F854026}.Debug|TwinCAT RT (x86).ActiveCfg = Debug|TwinCAT RT (x86)
		{8384A582-947B-49D8-B6D2-45FF5F854026}.Debug|TwinCAT RT (x86).Build.0 = Debug|TwinCAT RT (x86)
		{8384A582-947B-49D8-B6D2-45FF5F854026}.Release|TwinCAT CE7 (ARMV7).ActiveCfg = Release|TwinCAT CE7 (ARMV7)
		{8384A582-947B-49D8-B6D2-45FF5F854026}.Release|TwinCAT CE7 (ARMV7).Build.0 = Release|TwinCAT CE7 (ARMV7)
		{8384A582-947B-49D8-B6D2-45FF5F854026}.Release|TwinCAT OS (ARMT2).ActiveCfg = Release|TwinCAT OS (ARMT2)
		{8384A582-947B-49D8-B6D2-45FF5F854026}.Release|TwinCAT OS (ARMT2).Build.0 = Release|TwinCAT OS (ARMT2)
		{8384A582-947B-49D8-B6D2-45FF5F854026}.Release|TwinCAT RT (x64).ActiveCfg = Release|TwinCAT RT (x64)
		{8384A582-947B-49D8-B6D2-45FF5F854026}.Release|TwinCAT RT (x64).Build.0 = Release|TwinCAT RT (x64)
		{8384A582-947B-49D8-B6D2-45FF5F854026}.Release|TwinCAT RT (x86).ActiveCfg = Release|TwinCAT RT (x86)
		{8384A582-947B-49D8-B6D2-45FF5F854026}.Release|TwinCAT RT (x86).Build.0 = Release|TwinCAT RT (x86)
		{6D64EF4C-4EF0-4BF0-BE53-DB463F347D0B}.Debug|TwinCAT CE7 (ARMV7).ActiveCfg = Debug|TwinCAT CE7 (ARMV7)
		{6D64EF4C-4EF0-4BF0-BE53-DB463F347D0B}.Debug|TwinCAT CE7 (ARMV7).Build.0 = Debug|TwinCAT CE7 (ARMV7)
		{6D64EF4C-4EF0-4BF0-BE53-DB463F347D0B}.Debug|TwinCAT OS (ARMT2).ActiveCfg = Debug|TwinCAT OS (ARMT2)
		{6D64EF4C-4EF0-4BF0-BE53-DB463F347D0B}.Debug|TwinCAT OS (ARMT2).Build.0 = Debug|TwinCAT OS (ARMT2)
		{6D64EF4C-4EF0-4BF0-BE53-DB463F347D0B}.Debug|TwinCAT RT (x64).ActiveCfg = Debug|TwinCAT RT (x64)
		{6D64EF4C-4EF0-4BF0-BE53-DB463F347D0B}.Debug|TwinCAT RT (x64).Build.0 = Debug|TwinCAT RT (x64)
		{6D64EF4C-4EF0-4BF0-BE53-DB463F347D0B}.Debug|TwinCAT RT (x86).ActiveCfg = Debug|TwinCAT RT (x86)
		{6D64EF4C-4EF0-4BF0-BE53-DB463F347D0B}.Debug|TwinCAT RT (x86).Build.0 = Debug|TwinCAT RT (x86)
		{6D64EF4C-4EF0-4BF0-BE53-DB463F347D0B}.Release|TwinCAT CE7 (ARMV7).ActiveCfg = Release|TwinCAT CE7 (ARMV7)
		{6D64EF4C-4EF0-4BF0-BE53-DB463F347D0B}.Release|TwinCAT CE7 (ARMV7).Build.0 = Release|TwinCAT CE7 (ARMV7)
		{6D64EF4C-4EF0-4BF0-BE53-DB463F347D0B}.Release|TwinCAT OS (ARMT2).ActiveCfg = Release|TwinCAT OS (ARMT2)
		{6D64EF4C-4EF0-4BF0-BE53-DB463F347D0B}.Release|TwinCAT OS (ARMT2).Build.0 = Release|TwinCAT OS (ARMT2)
		{6D64EF4C-4EF0-4BF0-BE53-DB463F347D0B}.Release|TwinCAT RT (x64).ActiveCfg = Release|TwinCAT RT (x64)
		{6D64EF4C-4EF0-4BF0-BE53-DB463F347D0B}.Release|TwinCAT RT (x64).Build.0 = Release|TwinCAT RT (x64)
		{6D64EF4C-4EF0-4BF0-BE53-DB463F347D0B}.Release|TwinCAT RT (x86).ActiveCfg = Release|TwinCAT RT (x86)
		{6D64EF4C-4EF0-4BF0-BE53-DB463F347D0B}.Release|TwinCAT RT (x86).Build.0 = Release|TwinCAT RT (x86)
		{BF49E2D2-03ED-41C9-87AB-0FB17EEBA9F5}.Debug|TwinCAT CE7 (ARMV7).ActiveCfg = Debug|TwinCAT CE7 (ARMV7)
		{BF49E2D2-03ED-41C9-87AB-0FB17EEBA9F5}.Debug|TwinCAT CE7 (ARMV7).Build.0 = Debug|TwinCAT CE7 (ARMV7)
		{BF49E2D2-03ED-41C9-87AB-0FB17EEBA9F5}.Debug|TwinCAT OS (ARMT2).ActiveCfg = Debug|TwinCAT OS (ARMT2)
		{BF49E2D2-03ED-41C9-87AB-0FB17EEBA9F5}.Debug|TwinCAT OS (ARMT2).Build.0 = Debug|TwinCAT OS (ARMT2)
		{BF49E2D2-03ED-41C9-87AB-0FB17EEBA9F5}.Debug|TwinCAT RT (x64).ActiveCfg = Debug|TwinCAT RT (x64)
		{BF49E2D2-03ED-41C9-87AB-0FB17EEBA9F5}.Debug|TwinCAT RT (x64).Build.0 = Debug|TwinCAT RT (x64)
		{BF49E2D2-03ED-41C9-87AB-0FB17EEBA9F5}.Debug|TwinCAT RT (x86).ActiveCfg = Debug|TwinCAT RT (x86)
		{BF49E2D2-03ED-41C9-87AB-0FB17EEBA9F5}.Debug|TwinCAT RT (x86).Build.0 = Debug|TwinCAT RT (x86)
		{BF49E2D2-03ED-41C9-87AB-0FB17EEBA9F5}.Release|TwinCAT CE7 (ARMV7).ActiveCfg = Release|TwinCAT CE7 (ARMV7)
		{BF49E2D2-03ED-41C9-87AB-0FB17EEBA9F5}.Release|TwinCAT CE7 (ARMV7).Build.0 = Release|TwinCAT CE7 (ARMV7)
		{BF49E2D2-03ED-41C9-87AB-0FB17EEBA9F5}.Release|TwinCAT OS (ARMT2).ActiveCfg = Release|TwinCAT OS (ARMT2)
		{BF49E2D2-03ED-41C9-87AB-0FB17EEBA9F5}.Release|TwinCAT OS (ARMT2).Build.0 = Release|TwinCAT OS (ARMT2)
		{BF49E2D2-03ED-41C9-87AB-0FB17EEBA9F5}.Release|TwinCAT RT (x64).ActiveCfg = Release|TwinCAT RT (x64)
		{BF49E2D2-03ED-41C9-87AB-0FB17EEBA9F5}.Release|TwinCAT RT (x64).Build.0 = Release|TwinCAT RT (x64)
		{BF49E2D2-03ED-41C9-87AB-0FB17EEBA9F5}.Release|TwinCAT RT (x86).ActiveCfg = Release|TwinCAT RT (x86)
		{BF49E2D2-03ED-41C9-87AB-0FB17EEBA9F5}.Release|TwinCAT RT (x86).Build.0 = Release|TwinCAT RT (x86)
	EndGlobalSection
	GlobalSection(SolutionProperties) = preSolution
		HideSolutionNode = FALSE
	EndGlobalSection
	GlobalSection(ExtensibilityGlobals) = postSolution
		SolutionGuid = {41DBB922-72E2-4D16-B830-1B4F44533744}
	EndGlobalSection
EndGlobal
